
Microsoft Visual Studio Solution File, Format Version 12.00
# Visual Studio Version 16
VisualStudioVersion = 16.0.29709.97
MinimumVisualStudioVersion = 10.0.40219.1
Project("{8BC9CEB8-8B4A-11D0-8D11-00A0C91BC942}") = "SnesGame.Runtime", "SnesGame.Runtime\SnesGame.Runtime.vcxproj", "{85052B18-2B03-4A8C-ABAE-D25EF6F6B00C}"
EndProject
Project("{FAE04EC0-301F-11D3-BF4B-00C04F79EFBC}") = "ReferenceImplementations", "ReferenceImplementations\ReferenceImplementations.csproj", "{FB63164B-3711-4C52-A8C5-2E4587EA79F7}"
EndProject
Project("{FAE04EC0-301F-11D3-BF4B-00C04F79EFBC}") = "Scribe", "Scribe\Scribe.csproj", "{0346BE8F-D605-4627-B144-F1409CB53EE4}"
EndProject
Project("{FAE04EC0-301F-11D3-BF4B-00C04F79EFBC}") = "ResourceCompiler", "ResourceCompiler\ResourceCompiler.csproj", "{8A7CA63D-8D81-4BE1-9141-CD0BAB9D0C01}"
EndProject
Project("{8BC9CEB8-8B4A-11D0-8D11-00A0C91BC942}") = "SnesGame.Cartridge", "SnesGame.Cartridge\SnesGame.Cartridge.vcxproj", "{50680FE1-FD49-4037-82B2-6F004C9A02A8}"
EndProject
Project("{2150E333-8FDC-42A3-9474-1A3956D46DE8}") = "Solution Items", "Solution Items", "{C30DB910-1FCF-468F-B920-F6B3CE1D21F9}"
	ProjectSection(SolutionItems) = preProject
		ClientAPI.md = ClientAPI.md
	EndProjectSection
EndProject
Global
	GlobalSection(SolutionConfigurationPlatforms) = preSolution
		Debug|Any CPU = Debug|Any CPU
		Debug|x64 = Debug|x64
		Debug|x86 = Debug|x86
		Release|Any CPU = Release|Any CPU
		Release|x64 = Release|x64
		Release|x86 = Release|x86
	EndGlobalSection
	GlobalSection(ProjectConfigurationPlatforms) = postSolution
		{85052B18-2B03-4A8C-ABAE-D25EF6F6B00C}.Debug|Any CPU.ActiveCfg = Debug|Win32
		{85052B18-2B03-4A8C-ABAE-D25EF6F6B00C}.Debug|x64.ActiveCfg = Debug|x64
		{85052B18-2B03-4A8C-ABAE-D25EF6F6B00C}.Debug|x64.Build.0 = Debug|x64
		{85052B18-2B03-4A8C-ABAE-D25EF6F6B00C}.Debug|x86.ActiveCfg = Debug|Win32
		{85052B18-2B03-4A8C-ABAE-D25EF6F6B00C}.Debug|x86.Build.0 = Debug|Win32
		{85052B18-2B03-4A8C-ABAE-D25EF6F6B00C}.Release|Any CPU.ActiveCfg = Release|Win32
		{85052B18-2B03-4A8C-ABAE-D25EF6F6B00C}.Release|x64.ActiveCfg = Release|x64
		{85052B18-2B03-4A8C-ABAE-D25EF6F6B00C}.Release|x64.Build.0 = Release|x64
		{85052B18-2B03-4A8C-ABAE-D25EF6F6B00C}.Release|x86.ActiveCfg = Release|Win32
		{85052B18-2B03-4A8C-ABAE-D25EF6F6B00C}.Release|x86.Build.0 = Release|Win32
		{FB63164B-3711-4C52-A8C5-2E4587EA79F7}.Debug|Any CPU.ActiveCfg = Debug|Any CPU
		{FB63164B-3711-4C52-A8C5-2E4587EA79F7}.Debug|Any CPU.Build.0 = Debug|Any CPU
		{FB63164B-3711-4C52-A8C5-2E4587EA79F7}.Debug|x64.ActiveCfg = Debug|Any CPU
		{FB63164B-3711-4C52-A8C5-2E4587EA79F7}.Debug|x64.Build.0 = Debug|Any CPU
		{FB63164B-3711-4C52-A8C5-2E4587EA79F7}.Debug|x86.ActiveCfg = Debug|Any CPU
		{FB63164B-3711-4C52-A8C5-2E4587EA79F7}.Debug|x86.Build.0 = Debug|Any CPU
		{FB63164B-3711-4C52-A8C5-2E4587EA79F7}.Release|Any CPU.ActiveCfg = Release|Any CPU
		{FB63164B-3711-4C52-A8C5-2E4587EA79F7}.Release|Any CPU.Build.0 = Release|Any CPU
		{FB63164B-3711-4C52-A8C5-2E4587EA79F7}.Release|x64.ActiveCfg = Release|Any CPU
		{FB63164B-3711-4C52-A8C5-2E4587EA79F7}.Release|x64.Build.0 = Release|Any CPU
		{FB63164B-3711-4C52-A8C5-2E4587EA79F7}.Release|x86.ActiveCfg = Release|Any CPU
		{FB63164B-3711-4C52-A8C5-2E4587EA79F7}.Release|x86.Build.0 = Release|Any CPU
		{0346BE8F-D605-4627-B144-F1409CB53EE4}.Debug|Any CPU.ActiveCfg = Debug|Any CPU
		{0346BE8F-D605-4627-B144-F1409CB53EE4}.Debug|Any CPU.Build.0 = Debug|Any CPU
		{0346BE8F-D605-4627-B144-F1409CB53EE4}.Debug|x64.ActiveCfg = Debug|Any CPU
		{0346BE8F-D605-4627-B144-F1409CB53EE4}.Debug|x64.Build.0 = Debug|Any CPU
		{0346BE8F-D605-4627-B144-F1409CB53EE4}.Debug|x86.ActiveCfg = Debug|Any CPU
		{0346BE8F-D605-4627-B144-F1409CB53EE4}.Debug|x86.Build.0 = Debug|Any CPU
		{0346BE8F-D605-4627-B144-F1409CB53EE4}.Release|Any CPU.ActiveCfg = Release|Any CPU
		{0346BE8F-D605-4627-B144-F1409CB53EE4}.Release|Any CPU.Build.0 = Release|Any CPU
		{0346BE8F-D605-4627-B144-F1409CB53EE4}.Release|x64.ActiveCfg = Release|Any CPU
		{0346BE8F-D605-4627-B144-F1409CB53EE4}.Release|x64.Build.0 = Release|Any CPU
		{0346BE8F-D605-4627-B144-F1409CB53EE4}.Release|x86.ActiveCfg = Release|Any CPU
		{0346BE8F-D605-4627-B144-F1409CB53EE4}.Release|x86.Build.0 = Release|Any CPU
		{8A7CA63D-8D81-4BE1-9141-CD0BAB9D0C01}.Debug|Any CPU.ActiveCfg = Debug|Any CPU
		{8A7CA63D-8D81-4BE1-9141-CD0BAB9D0C01}.Debug|Any CPU.Build.0 = Debug|Any CPU
		{8A7CA63D-8D81-4BE1-9141-CD0BAB9D0C01}.Debug|x64.ActiveCfg = Debug|Any CPU
		{8A7CA63D-8D81-4BE1-9141-CD0BAB9D0C01}.Debug|x64.Build.0 = Debug|Any CPU
		{8A7CA63D-8D81-4BE1-9141-CD0BAB9D0C01}.Debug|x86.ActiveCfg = Debug|Any CPU
		{8A7CA63D-8D81-4BE1-9141-CD0BAB9D0C01}.Debug|x86.Build.0 = Debug|Any CPU
		{8A7CA63D-8D81-4BE1-9141-CD0BAB9D0C01}.Release|Any CPU.ActiveCfg = Release|Any CPU
		{8A7CA63D-8D81-4BE1-9141-CD0BAB9D0C01}.Release|Any CPU.Build.0 = Release|Any CPU
		{8A7CA63D-8D81-4BE1-9141-CD0BAB9D0C01}.Release|x64.ActiveCfg = Release|Any CPU
		{8A7CA63D-8D81-4BE1-9141-CD0BAB9D0C01}.Release|x64.Build.0 = Release|Any CPU
		{8A7CA63D-8D81-4BE1-9141-CD0BAB9D0C01}.Release|x86.ActiveCfg = Release|Any CPU
		{8A7CA63D-8D81-4BE1-9141-CD0BAB9D0C01}.Release|x86.Build.0 = Release|Any CPU
		{50680FE1-FD49-4037-82B2-6F004C9A02A8}.Debug|Any CPU.ActiveCfg = Debug|Win32
		{50680FE1-FD49-4037-82B2-6F004C9A02A8}.Debug|x64.ActiveCfg = Debug|x64
		{50680FE1-FD49-4037-82B2-6F004C9A02A8}.Debug|x64.Build.0 = Debug|x64
		{50680FE1-FD49-4037-82B2-6F004C9A02A8}.Debug|x86.ActiveCfg = Debug|Win32
		{50680FE1-FD49-4037-82B2-6F004C9A02A8}.Debug|x86.Build.0 = Debug|Win32
		{50680FE1-FD49-4037-82B2-6F004C9A02A8}.Release|Any CPU.ActiveCfg = Release|Win32
		{50680FE1-FD49-4037-82B2-6F004C9A02A8}.Release|x64.ActiveCfg = Release|x64
		{50680FE1-FD49-4037-82B2-6F004C9A02A8}.Release|x64.Build.0 = Release|x64
		{50680FE1-FD49-4037-82B2-6F004C9A02A8}.Release|x86.ActiveCfg = Release|Win32
		{50680FE1-FD49-4037-82B2-6F004C9A02A8}.Release|x86.Build.0 = Release|Win32
	EndGlobalSection
	GlobalSection(SolutionProperties) = preSolution
		HideSolutionNode = FALSE
	EndGlobalSection
	GlobalSection(ExtensibilityGlobals) = postSolution
		SolutionGuid = {BEEB8C3F-49FC-4C8A-AF55-A8125D724159}
	EndGlobalSection
EndGlobal
